
Microsoft Visual Studio Solution File, Format Version 12.00
# Visual Studio Version 16
VisualStudioVersion = 16.0.30225.117
MinimumVisualStudioVersion = 10.0.40219.1
Project("{9A19103F-16F7-4668-BE54-9A1E7A4F7556}") = "AsyncInn", "AsyncInn.csproj", "{5BF1F82D-F00B-4584-BDAE-93D1ED6E790C}"
EndProject
Project("{2150E333-8FDC-42A3-9474-1A3956D46DE8}") = "Solution Items", "Solution Items", "{06926CBA-765E-4F46-84F7-1EA5391C1C94}"
	ProjectSection(SolutionItems) = preProject
		.editorconfig = .editorconfig
	EndProjectSection
EndProject
Global
	GlobalSection(SolutionConfigurationPlatforms) = preSolution
		Debug|Any CPU = Debug|Any CPU
		Release|Any CPU = Release|Any CPU
	EndGlobalSection
	GlobalSection(ProjectConfigurationPlatforms) = postSolution
		{5BF1F82D-F00B-4584-BDAE-93D1ED6E790C}.Debug|Any CPU.ActiveCfg = Debug|Any CPU
		{5BF1F82D-F00B-4584-BDAE-93D1ED6E790C}.Debug|Any CPU.Build.0 = Debug|Any CPU
		{5BF1F82D-F00B-4584-BDAE-93D1ED6E790C}.Release|Any CPU.ActiveCfg = Release|Any CPU
		{5BF1F82D-F00B-4584-BDAE-93D1ED6E790C}.Release|Any CPU.Build.0 = Release|Any CPU
	EndGlobalSection
	GlobalSection(SolutionProperties) = preSolution
		HideSolutionNode = FALSE
	EndGlobalSection
	GlobalSection(ExtensibilityGlobals) = postSolution
		SolutionGuid = {FD3BE058-A62C-48D0-92F3-82F944BB4588}
	EndGlobalSection
EndGlobal
